
Microsoft Visual Studio Solution File, Format Version 12.00
# Visual Studio Version 17
VisualStudioVersion = 17.5.33530.505
MinimumVisualStudioVersion = 10.0.40219.1
Project("{FAE04EC0-301F-11D3-BF4B-00C04F79EFBC}") = "hw-random", "hw-random.csproj", "{511AEFD3-0417-4328-B7F3-58C618E92D96}"
EndProject
Global
	GlobalSection(SolutionConfigurationPlatforms) = preSolution
		Debug|Any CPU = Debug|Any CPU
		Release|Any CPU = Release|Any CPU
	EndGlobalSection
	GlobalSection(ProjectConfigurationPlatforms) = postSolution
		{511AEFD3-0417-4328-B7F3-58C618E92D96}.Debug|Any CPU.ActiveCfg = Debug|Any CPU
		{511AEFD3-0417-4328-B7F3-58C618E92D96}.Debug|Any CPU.Build.0 = Debug|Any CPU
		{511AEFD3-0417-4328-B7F3-58C618E92D96}.Release|Any CPU.ActiveCfg = Release|Any CPU
		{511AEFD3-0417-4328-B7F3-58C618E92D96}.Release|Any CPU.Build.0 = Release|Any CPU
	EndGlobalSection
	GlobalSection(SolutionProperties) = preSolution
		HideSolutionNode = FALSE
	EndGlobalSection
	GlobalSection(ExtensibilityGlobals) = postSolution
		SolutionGuid = {EA6765B3-A6F0-4FB5-8ABE-2ECFAE96856B}
	EndGlobalSection
EndGlobal
